
Microsoft Visual Studio Solution File, Format Version 12.00
# Visual Studio Version 17
VisualStudioVersion = 17.5.002.0
MinimumVisualStudioVersion = 10.0.40219.1
Project("{2150E333-8FDC-42A3-9474-1A3956D46DE8}") = "sandbox", "sandbox", "{3B74A7F3-7B83-4081-82F3-2F6CFB85B5DF}"
EndProject
Project("{9A19103F-16F7-4668-BE54-9A1E7A4F7556}") = "sandbox_project", "sandbox\sandbox_project\sandbox_project.csproj", "{19AD8D46-EC12-4276-BDFD-308BD4EC96E0}"
EndProject
Project("{2150E333-8FDC-42A3-9474-1A3956D46DE8}") = "week01", "week01", "{7EB64CD5-A81D-4FC5-8436-5B7E43F5DE15}"
EndProject
Project("{9A19103F-16F7-4668-BE54-9A1E7A4F7556}") = "analyze", "week01\analyze\analyze.csproj", "{3FE3FE08-92B1-46F2-A07E-DCF7469A8B3D}"
EndProject
Project("{9A19103F-16F7-4668-BE54-9A1E7A4F7556}") = "code", "week01\code\code.csproj", "{AFE057F4-FC67-41B0-9174-5BDE33A62541}"
EndProject
Project("{9A19103F-16F7-4668-BE54-9A1E7A4F7556}") = "teach", "week01\teach\teach.csproj", "{648B01FB-4857-405D-BED3-01C96CD7DFC8}"
EndProject
Project("{2150E333-8FDC-42A3-9474-1A3956D46DE8}") = "week02", "week02", "{B263D420-E88A-4572-9E22-1C3E553229EE}"
EndProject
Project("{9A19103F-16F7-4668-BE54-9A1E7A4F7556}") = "analyze", "week02\analyze\analyze.csproj", "{33E66A0F-7CED-4FCC-BF58-A688E1A159E6}"
EndProject
Project("{9A19103F-16F7-4668-BE54-9A1E7A4F7556}") = "code", "week02\code\code.csproj", "{AE2AB4E8-AD57-4212-994B-65C4889CA776}"
EndProject
Project("{9A19103F-16F7-4668-BE54-9A1E7A4F7556}") = "learn", "week02\learn\learn.csproj", "{640C38E5-BDED-42B5-97E9-2055623C880F}"
EndProject
Project("{9A19103F-16F7-4668-BE54-9A1E7A4F7556}") = "teach", "week02\teach\teach.csproj", "{14E63531-49F1-4D09-B5FC-DCE586822A74}"
EndProject
Project("{2150E333-8FDC-42A3-9474-1A3956D46DE8}") = "week03", "week03", "{F2E6E20B-9774-4BD2-A711-AAC8DB44B8F7}"
EndProject
Project("{9A19103F-16F7-4668-BE54-9A1E7A4F7556}") = "code", "week03\code\code.csproj", "{70672981-96EC-4EEF-9AB1-6EF49D5CC226}"
EndProject
Project("{9A19103F-16F7-4668-BE54-9A1E7A4F7556}") = "learn", "week03\learn\learn.csproj", "{898D1A14-7A66-4BE0-8C82-EB3483B0B2B8}"
EndProject
Project("{9A19103F-16F7-4668-BE54-9A1E7A4F7556}") = "teach", "week03\teach\teach.csproj", "{D701C802-300C-409D-8D47-285354290EE1}"
EndProject
Project("{2150E333-8FDC-42A3-9474-1A3956D46DE8}") = "week04", "week04", "{34D7AD1B-D60C-4203-B567-7C174CA8E240}"
EndProject
Project("{9A19103F-16F7-4668-BE54-9A1E7A4F7556}") = "code", "week04\code\code.csproj", "{332BDBD1-5726-44FD-A4E0-5DF8690EDEE6}"
EndProject
Project("{2150E333-8FDC-42A3-9474-1A3956D46DE8}") = "week05", "week05", "{C2A47BD6-0D35-4C41-96FB-35EEB9BA541B}"
EndProject
Project("{9A19103F-16F7-4668-BE54-9A1E7A4F7556}") = "code", "week05\code\code.csproj", "{574C3438-3F9D-47B5-842F-6A9B24E71319}"
EndProject
Project("{2150E333-8FDC-42A3-9474-1A3956D46DE8}") = "week06", "week06", "{DB6C0C3B-DC17-48E1-A0C5-D0475C302668}"
EndProject
Project("{9A19103F-16F7-4668-BE54-9A1E7A4F7556}") = "code", "week06\code\code.csproj", "{AE9A30E4-DC17-4CFA-9499-E4968D52CDEF}"
EndProject
Global
	GlobalSection(SolutionConfigurationPlatforms) = preSolution
		Debug|Any CPU = Debug|Any CPU
		Release|Any CPU = Release|Any CPU
	EndGlobalSection
	GlobalSection(ProjectConfigurationPlatforms) = postSolution
		{19AD8D46-EC12-4276-BDFD-308BD4EC96E0}.Debug|Any CPU.ActiveCfg = Debug|Any CPU
		{19AD8D46-EC12-4276-BDFD-308BD4EC96E0}.Debug|Any CPU.Build.0 = Debug|Any CPU
		{19AD8D46-EC12-4276-BDFD-308BD4EC96E0}.Release|Any CPU.ActiveCfg = Release|Any CPU
		{19AD8D46-EC12-4276-BDFD-308BD4EC96E0}.Release|Any CPU.Build.0 = Release|Any CPU
		{3FE3FE08-92B1-46F2-A07E-DCF7469A8B3D}.Debug|Any CPU.ActiveCfg = Debug|Any CPU
		{3FE3FE08-92B1-46F2-A07E-DCF7469A8B3D}.Debug|Any CPU.Build.0 = Debug|Any CPU
		{3FE3FE08-92B1-46F2-A07E-DCF7469A8B3D}.Release|Any CPU.ActiveCfg = Release|Any CPU
		{3FE3FE08-92B1-46F2-A07E-DCF7469A8B3D}.Release|Any CPU.Build.0 = Release|Any CPU
		{AFE057F4-FC67-41B0-9174-5BDE33A62541}.Debug|Any CPU.ActiveCfg = Debug|Any CPU
		{AFE057F4-FC67-41B0-9174-5BDE33A62541}.Debug|Any CPU.Build.0 = Debug|Any CPU
		{AFE057F4-FC67-41B0-9174-5BDE33A62541}.Release|Any CPU.ActiveCfg = Release|Any CPU
		{AFE057F4-FC67-41B0-9174-5BDE33A62541}.Release|Any CPU.Build.0 = Release|Any CPU
		{648B01FB-4857-405D-BED3-01C96CD7DFC8}.Debug|Any CPU.ActiveCfg = Debug|Any CPU
		{648B01FB-4857-405D-BED3-01C96CD7DFC8}.Debug|Any CPU.Build.0 = Debug|Any CPU
		{648B01FB-4857-405D-BED3-01C96CD7DFC8}.Release|Any CPU.ActiveCfg = Release|Any CPU
		{648B01FB-4857-405D-BED3-01C96CD7DFC8}.Release|Any CPU.Build.0 = Release|Any CPU
		{33E66A0F-7CED-4FCC-BF58-A688E1A159E6}.Debug|Any CPU.ActiveCfg = Debug|Any CPU
		{33E66A0F-7CED-4FCC-BF58-A688E1A159E6}.Debug|Any CPU.Build.0 = Debug|Any CPU
		{33E66A0F-7CED-4FCC-BF58-A688E1A159E6}.Release|Any CPU.ActiveCfg = Release|Any CPU
		{33E66A0F-7CED-4FCC-BF58-A688E1A159E6}.Release|Any CPU.Build.0 = Release|Any CPU
		{AE2AB4E8-AD57-4212-994B-65C4889CA776}.Debug|Any CPU.ActiveCfg = Debug|Any CPU
		{AE2AB4E8-AD57-4212-994B-65C4889CA776}.Debug|Any CPU.Build.0 = Debug|Any CPU
		{AE2AB4E8-AD57-4212-994B-65C4889CA776}.Release|Any CPU.ActiveCfg = Release|Any CPU
		{AE2AB4E8-AD57-4212-994B-65C4889CA776}.Release|Any CPU.Build.0 = Release|Any CPU
		{640C38E5-BDED-42B5-97E9-2055623C880F}.Debug|Any CPU.ActiveCfg = Debug|Any CPU
		{640C38E5-BDED-42B5-97E9-2055623C880F}.Debug|Any CPU.Build.0 = Debug|Any CPU
		{640C38E5-BDED-42B5-97E9-2055623C880F}.Release|Any CPU.ActiveCfg = Release|Any CPU
		{640C38E5-BDED-42B5-97E9-2055623C880F}.Release|Any CPU.Build.0 = Release|Any CPU
		{14E63531-49F1-4D09-B5FC-DCE586822A74}.Debug|Any CPU.ActiveCfg = Debug|Any CPU
		{14E63531-49F1-4D09-B5FC-DCE586822A74}.Debug|Any CPU.Build.0 = Debug|Any CPU
		{14E63531-49F1-4D09-B5FC-DCE586822A74}.Release|Any CPU.ActiveCfg = Release|Any CPU
		{14E63531-49F1-4D09-B5FC-DCE586822A74}.Release|Any CPU.Build.0 = Release|Any CPU
		{70672981-96EC-4EEF-9AB1-6EF49D5CC226}.Debug|Any CPU.ActiveCfg = Debug|Any CPU
		{70672981-96EC-4EEF-9AB1-6EF49D5CC226}.Debug|Any CPU.Build.0 = Debug|Any CPU
		{70672981-96EC-4EEF-9AB1-6EF49D5CC226}.Release|Any CPU.ActiveCfg = Release|Any CPU
		{70672981-96EC-4EEF-9AB1-6EF49D5CC226}.Release|Any CPU.Build.0 = Release|Any CPU
		{898D1A14-7A66-4BE0-8C82-EB3483B0B2B8}.Debug|Any CPU.ActiveCfg = Debug|Any CPU
		{898D1A14-7A66-4BE0-8C82-EB3483B0B2B8}.Debug|Any CPU.Build.0 = Debug|Any CPU
		{898D1A14-7A66-4BE0-8C82-EB3483B0B2B8}.Release|Any CPU.ActiveCfg = Release|Any CPU
		{898D1A14-7A66-4BE0-8C82-EB3483B0B2B8}.Release|Any CPU.Build.0 = Release|Any CPU
		{D701C802-300C-409D-8D47-285354290EE1}.Debug|Any CPU.ActiveCfg = Debug|Any CPU
		{D701C802-300C-409D-8D47-285354290EE1}.Debug|Any CPU.Build.0 = Debug|Any CPU
		{D701C802-300C-409D-8D47-285354290EE1}.Release|Any CPU.ActiveCfg = Release|Any CPU
		{D701C802-300C-409D-8D47-285354290EE1}.Release|Any CPU.Build.0 = Release|Any CPU
		{332BDBD1-5726-44FD-A4E0-5DF8690EDEE6}.Debug|Any CPU.ActiveCfg = Debug|Any CPU
		{332BDBD1-5726-44FD-A4E0-5DF8690EDEE6}.Debug|Any CPU.Build.0 = Debug|Any CPU
		{332BDBD1-5726-44FD-A4E0-5DF8690EDEE6}.Release|Any CPU.ActiveCfg = Release|Any CPU
		{332BDBD1-5726-44FD-A4E0-5DF8690EDEE6}.Release|Any CPU.Build.0 = Release|Any CPU
		{574C3438-3F9D-47B5-842F-6A9B24E71319}.Debug|Any CPU.ActiveCfg = Debug|Any CPU
		{574C3438-3F9D-47B5-842F-6A9B24E71319}.Debug|Any CPU.Build.0 = Debug|Any CPU
		{574C3438-3F9D-47B5-842F-6A9B24E71319}.Release|Any CPU.ActiveCfg = Release|Any CPU
		{574C3438-3F9D-47B5-842F-6A9B24E71319}.Release|Any CPU.Build.0 = Release|Any CPU
		{AE9A30E4-DC17-4CFA-9499-E4968D52CDEF}.Debug|Any CPU.ActiveCfg = Debug|Any CPU
		{AE9A30E4-DC17-4CFA-9499-E4968D52CDEF}.Debug|Any CPU.Build.0 = Debug|Any CPU
		{AE9A30E4-DC17-4CFA-9499-E4968D52CDEF}.Release|Any CPU.ActiveCfg = Release|Any CPU
		{AE9A30E4-DC17-4CFA-9499-E4968D52CDEF}.Release|Any CPU.Build.0 = Release|Any CPU
	EndGlobalSection
	GlobalSection(SolutionProperties) = preSolution
		HideSolutionNode = FALSE
	EndGlobalSection
	GlobalSection(NestedProjects) = preSolution
		{19AD8D46-EC12-4276-BDFD-308BD4EC96E0} = {3B74A7F3-7B83-4081-82F3-2F6CFB85B5DF}
		{3FE3FE08-92B1-46F2-A07E-DCF7469A8B3D} = {7EB64CD5-A81D-4FC5-8436-5B7E43F5DE15}
		{AFE057F4-FC67-41B0-9174-5BDE33A62541} = {7EB64CD5-A81D-4FC5-8436-5B7E43F5DE15}
		{648B01FB-4857-405D-BED3-01C96CD7DFC8} = {7EB64CD5-A81D-4FC5-8436-5B7E43F5DE15}
		{33E66A0F-7CED-4FCC-BF58-A688E1A159E6} = {B263D420-E88A-4572-9E22-1C3E553229EE}
		{AE2AB4E8-AD57-4212-994B-65C4889CA776} = {B263D420-E88A-4572-9E22-1C3E553229EE}
		{640C38E5-BDED-42B5-97E9-2055623C880F} = {B263D420-E88A-4572-9E22-1C3E553229EE}
		{14E63531-49F1-4D09-B5FC-DCE586822A74} = {B263D420-E88A-4572-9E22-1C3E553229EE}
		{70672981-96EC-4EEF-9AB1-6EF49D5CC226} = {F2E6E20B-9774-4BD2-A711-AAC8DB44B8F7}
		{898D1A14-7A66-4BE0-8C82-EB3483B0B2B8} = {F2E6E20B-9774-4BD2-A711-AAC8DB44B8F7}
		{D701C802-300C-409D-8D47-285354290EE1} = {F2E6E20B-9774-4BD2-A711-AAC8DB44B8F7}
		{332BDBD1-5726-44FD-A4E0-5DF8690EDEE6} = {34D7AD1B-D60C-4203-B567-7C174CA8E240}
		{574C3438-3F9D-47B5-842F-6A9B24E71319} = {C2A47BD6-0D35-4C41-96FB-35EEB9BA541B}
		{AE9A30E4-DC17-4CFA-9499-E4968D52CDEF} = {DB6C0C3B-DC17-48E1-A0C5-D0475C302668}
	EndGlobalSection
	GlobalSection(ExtensibilityGlobals) = postSolution
		SolutionGuid = {B189E2B0-5C34-4A0A-9956-4D727D973BDF}
	EndGlobalSection
EndGlobal
